
Microsoft Visual Studio Solution File, Format Version 12.00
# Visual Studio Version 16
VisualStudioVersion = 16.0.31205.134
MinimumVisualStudioVersion = 10.0.40219.1
Project("{2150E333-8FDC-42A3-9474-1A3956D46DE8}") = "Domain", "Domain", "{96AAC84C-9C31-4039-9245-F8A009103342}"
EndProject
Project("{2150E333-8FDC-42A3-9474-1A3956D46DE8}") = "Infra.Bus", "Infra.Bus", "{6C56FA86-01D7-426A-B596-137D55B67436}"
EndProject
Project("{2150E333-8FDC-42A3-9474-1A3956D46DE8}") = "Infra.IoC", "Infra.IoC", "{A5139E85-2D34-4022-A4A9-A7A18796BEFB}"
EndProject
Project("{2150E333-8FDC-42A3-9474-1A3956D46DE8}") = "Microservices", "Microservices", "{7930FD34-B7CF-4548-AA5A-E6B55E74EBD7}"
EndProject
Project("{2150E333-8FDC-42A3-9474-1A3956D46DE8}") = "Presentation", "Presentation", "{7B7545F5-939A-4A1D-B673-315FB3BC6E75}"
EndProject
Project("{FAE04EC0-301F-11D3-BF4B-00C04F79EFBC}") = "MicroRabbit.Domain.Core", "MicroRabbit.Domain.Core\MicroRabbit.Domain.Core.csproj", "{483AD102-E15E-4570-90C9-D5D6878A77DB}"
EndProject
Project("{FAE04EC0-301F-11D3-BF4B-00C04F79EFBC}") = "MicroRabbit.Infra.Bus", "MicroRabbit.Infra.Bus\MicroRabbit.Infra.Bus.csproj", "{FA349C26-282A-48FC-8BFA-2A5C557AA485}"
EndProject
Project("{FAE04EC0-301F-11D3-BF4B-00C04F79EFBC}") = "MicroRabbit.Infra.IoC", "MicroRabbit.Infra.IoC\MicroRabbit.Infra.IoC.csproj", "{5E7659B3-D546-4404-B729-EFF5427DEE0D}"
EndProject
Project("{2150E333-8FDC-42A3-9474-1A3956D46DE8}") = "Banking", "Banking", "{11E6F7A4-AA0A-4ECF-873F-7A7E034303F7}"
EndProject
Project("{2150E333-8FDC-42A3-9474-1A3956D46DE8}") = "Api", "Api", "{1646CCE9-347B-4460-A2D7-605911E156E8}"
EndProject
Project("{2150E333-8FDC-42A3-9474-1A3956D46DE8}") = "Domain", "Domain", "{71E95AEE-33CF-44A3-B1DB-5E0046F4A630}"
EndProject
Project("{2150E333-8FDC-42A3-9474-1A3956D46DE8}") = "Application", "Application", "{7AD0298A-B5AC-4A32-B516-B6A9383E248C}"
EndProject
Project("{2150E333-8FDC-42A3-9474-1A3956D46DE8}") = "Data", "Data", "{3A437A6C-AAFF-40FA-942D-97437622870D}"
EndProject
Project("{FAE04EC0-301F-11D3-BF4B-00C04F79EFBC}") = "MicroRabbit.Banking.Api", "MicroRabbit.Banking.Api\MicroRabbit.Banking.Api.csproj", "{78B67C26-81EE-4A94-8186-7759ED34107E}"
EndProject
Project("{FAE04EC0-301F-11D3-BF4B-00C04F79EFBC}") = "MicroRabbit.Banking.Application", "MicroRabbit.Banking.Application\MicroRabbit.Banking.Application.csproj", "{39D10A06-0F18-4C2F-B3B2-2FB373816594}"
EndProject
Project("{FAE04EC0-301F-11D3-BF4B-00C04F79EFBC}") = "MicroRabbit.Banking.Data", "MicroRabbit.Banking.Data\MicroRabbit.Banking.Data.csproj", "{14E477F3-1787-4F23-90F6-AFCA92BD9622}"
EndProject
Project("{FAE04EC0-301F-11D3-BF4B-00C04F79EFBC}") = "MicroRabbit.Banking.Domain", "MicroRabbit.Banking.Domain\MicroRabbit.Banking.Domain.csproj", "{BC80D9C6-A796-46A4-8957-4E814E7B3055}"
EndProject
Global
	GlobalSection(SolutionConfigurationPlatforms) = preSolution
		Debug|Any CPU = Debug|Any CPU
		Release|Any CPU = Release|Any CPU
	EndGlobalSection
	GlobalSection(ProjectConfigurationPlatforms) = postSolution
		{483AD102-E15E-4570-90C9-D5D6878A77DB}.Debug|Any CPU.ActiveCfg = Debug|Any CPU
		{483AD102-E15E-4570-90C9-D5D6878A77DB}.Debug|Any CPU.Build.0 = Debug|Any CPU
		{483AD102-E15E-4570-90C9-D5D6878A77DB}.Release|Any CPU.ActiveCfg = Release|Any CPU
		{483AD102-E15E-4570-90C9-D5D6878A77DB}.Release|Any CPU.Build.0 = Release|Any CPU
		{FA349C26-282A-48FC-8BFA-2A5C557AA485}.Debug|Any CPU.ActiveCfg = Debug|Any CPU
		{FA349C26-282A-48FC-8BFA-2A5C557AA485}.Debug|Any CPU.Build.0 = Debug|Any CPU
		{FA349C26-282A-48FC-8BFA-2A5C557AA485}.Release|Any CPU.ActiveCfg = Release|Any CPU
		{FA349C26-282A-48FC-8BFA-2A5C557AA485}.Release|Any CPU.Build.0 = Release|Any CPU
		{5E7659B3-D546-4404-B729-EFF5427DEE0D}.Debug|Any CPU.ActiveCfg = Debug|Any CPU
		{5E7659B3-D546-4404-B729-EFF5427DEE0D}.Debug|Any CPU.Build.0 = Debug|Any CPU
		{5E7659B3-D546-4404-B729-EFF5427DEE0D}.Release|Any CPU.ActiveCfg = Release|Any CPU
		{5E7659B3-D546-4404-B729-EFF5427DEE0D}.Release|Any CPU.Build.0 = Release|Any CPU
		{78B67C26-81EE-4A94-8186-7759ED34107E}.Debug|Any CPU.ActiveCfg = Debug|Any CPU
		{78B67C26-81EE-4A94-8186-7759ED34107E}.Debug|Any CPU.Build.0 = Debug|Any CPU
		{78B67C26-81EE-4A94-8186-7759ED34107E}.Release|Any CPU.ActiveCfg = Release|Any CPU
		{78B67C26-81EE-4A94-8186-7759ED34107E}.Release|Any CPU.Build.0 = Release|Any CPU
		{39D10A06-0F18-4C2F-B3B2-2FB373816594}.Debug|Any CPU.ActiveCfg = Debug|Any CPU
		{39D10A06-0F18-4C2F-B3B2-2FB373816594}.Debug|Any CPU.Build.0 = Debug|Any CPU
		{39D10A06-0F18-4C2F-B3B2-2FB373816594}.Release|Any CPU.ActiveCfg = Release|Any CPU
		{39D10A06-0F18-4C2F-B3B2-2FB373816594}.Release|Any CPU.Build.0 = Release|Any CPU
		{14E477F3-1787-4F23-90F6-AFCA92BD9622}.Debug|Any CPU.ActiveCfg = Debug|Any CPU
		{14E477F3-1787-4F23-90F6-AFCA92BD9622}.Debug|Any CPU.Build.0 = Debug|Any CPU
		{14E477F3-1787-4F23-90F6-AFCA92BD9622}.Release|Any CPU.ActiveCfg = Release|Any CPU
		{14E477F3-1787-4F23-90F6-AFCA92BD9622}.Release|Any CPU.Build.0 = Release|Any CPU
		{BC80D9C6-A796-46A4-8957-4E814E7B3055}.Debug|Any CPU.ActiveCfg = Debug|Any CPU
		{BC80D9C6-A796-46A4-8957-4E814E7B3055}.Debug|Any CPU.Build.0 = Debug|Any CPU
		{BC80D9C6-A796-46A4-8957-4E814E7B3055}.Release|Any CPU.ActiveCfg = Release|Any CPU
		{BC80D9C6-A796-46A4-8957-4E814E7B3055}.Release|Any CPU.Build.0 = Release|Any CPU
	EndGlobalSection
	GlobalSection(SolutionProperties) = preSolution
		HideSolutionNode = FALSE
	EndGlobalSection
	GlobalSection(NestedProjects) = preSolution
		{483AD102-E15E-4570-90C9-D5D6878A77DB} = {96AAC84C-9C31-4039-9245-F8A009103342}
		{FA349C26-282A-48FC-8BFA-2A5C557AA485} = {6C56FA86-01D7-426A-B596-137D55B67436}
		{5E7659B3-D546-4404-B729-EFF5427DEE0D} = {A5139E85-2D34-4022-A4A9-A7A18796BEFB}
		{11E6F7A4-AA0A-4ECF-873F-7A7E034303F7} = {7930FD34-B7CF-4548-AA5A-E6B55E74EBD7}
		{1646CCE9-347B-4460-A2D7-605911E156E8} = {11E6F7A4-AA0A-4ECF-873F-7A7E034303F7}
		{71E95AEE-33CF-44A3-B1DB-5E0046F4A630} = {11E6F7A4-AA0A-4ECF-873F-7A7E034303F7}
		{7AD0298A-B5AC-4A32-B516-B6A9383E248C} = {11E6F7A4-AA0A-4ECF-873F-7A7E034303F7}
		{3A437A6C-AAFF-40FA-942D-97437622870D} = {11E6F7A4-AA0A-4ECF-873F-7A7E034303F7}
		{78B67C26-81EE-4A94-8186-7759ED34107E} = {1646CCE9-347B-4460-A2D7-605911E156E8}
		{39D10A06-0F18-4C2F-B3B2-2FB373816594} = {7AD0298A-B5AC-4A32-B516-B6A9383E248C}
		{14E477F3-1787-4F23-90F6-AFCA92BD9622} = {3A437A6C-AAFF-40FA-942D-97437622870D}
		{BC80D9C6-A796-46A4-8957-4E814E7B3055} = {71E95AEE-33CF-44A3-B1DB-5E0046F4A630}
	EndGlobalSection
	GlobalSection(ExtensibilityGlobals) = postSolution
		SolutionGuid = {A200D39F-EEE8-43D8-88AA-229609405872}
	EndGlobalSection
EndGlobal
